{
  "version": "2",
  "remote": {
    "https://deno.land/std@0.185.0/_util/asserts.ts": "178dfc49a464aee693a7e285567b3d0b555dc805ff490505a8aae34f9cfb1462",
    "https://deno.land/std@0.185.0/_util/os.ts": "d932f56d41e4f6a6093d56044e29ce637f8dcc43c5a90af43504a889cf1775e3",
    "https://deno.land/std@0.185.0/json/common.ts": "ecd5e87d45b5f0df33238ed8b1746e1444da7f5c86ae53d0f0b04280f41a25bb",
    "https://deno.land/std@0.185.0/jsonc/mod.ts": "b88dce28eb3645667caa856538ae2fe87af51410822544a0b45a4177ef3bd7dd",
    "https://deno.land/std@0.185.0/jsonc/parse.ts": "2910e33bc7c3b243e3b6f3a39ce4d6ca84337b277a8df6f2ad2d9e4adbcddc08",
    "https://deno.land/std@0.185.0/path/_constants.ts": "e49961f6f4f48039c0dfed3c3f93e963ca3d92791c9d478ac5b43183413136e0",
    "https://deno.land/std@0.185.0/path/_interface.ts": "6471159dfbbc357e03882c2266d21ef9afdb1e4aa771b0545e90db58a0ba314b",
    "https://deno.land/std@0.185.0/path/_util.ts": "d7abb1e0dea065f427b89156e28cdeb32b045870acdf865833ba808a73b576d0",
    "https://deno.land/std@0.185.0/path/common.ts": "ee7505ab01fd22de3963b64e46cff31f40de34f9f8de1fff6a1bd2fe79380000",
    "https://deno.land/std@0.185.0/path/glob.ts": "d479e0a695621c94d3fd7fe7abd4f9499caf32a8de13f25073451c6ef420a4e1",
    "https://deno.land/std@0.185.0/path/mod.ts": "bf718f19a4fdd545aee1b06409ca0805bd1b68ecf876605ce632e932fe54510c",
    "https://deno.land/std@0.185.0/path/posix.ts": "8b7c67ac338714b30c816079303d0285dd24af6b284f7ad63da5b27372a2c94d",
    "https://deno.land/std@0.185.0/path/separator.ts": "0fb679739d0d1d7bf45b68dacfb4ec7563597a902edbaf3c59b50d5bcadd93b1",
    "https://deno.land/std@0.185.0/path/win32.ts": "d186344e5583bcbf8b18af416d13d82b35a317116e6460a5a3953508c3de5bba",
    "https://deno.land/x/denoflate@1.2.1/mod.ts": "f5628e44b80b3d80ed525afa2ba0f12408e3849db817d47a883b801f9ce69dd6",
    "https://deno.land/x/denoflate@1.2.1/pkg/denoflate.js": "b9f9ad9457d3f12f28b1fb35c555f57443427f74decb403113d67364e4f2caf4",
    "https://deno.land/x/denoflate@1.2.1/pkg/denoflate_bg.wasm.js": "d581956245407a2115a3d7e8d85a9641c032940a8e810acbd59ca86afd34d44d",
    "https://deno.land/x/esbuild@v0.17.18/mod.d.ts": "dc279a3a46f084484453e617c0cabcd5b8bd1920c0e562e4ea02dfc828c8f968",
    "https://deno.land/x/esbuild@v0.17.18/mod.js": "84b5044def8a2e94770b79d295a1dd74f5ee453514c5b4f33571e22e1c882898",
    "https://deno.land/x/esbuild_deno_loader@0.7.0/deps.ts": "1c312cea080df5e550f6adc00d97f42ac9b6f514988a8e07e839c68a4634f296",
    "https://deno.land/x/esbuild_deno_loader@0.7.0/mod.ts": "ebf6726cf3bb9d1a992bddb99a9acb628d376cad4a1c48452345366fdc53e60c",
    "https://deno.land/x/esbuild_deno_loader@0.7.0/src/deno.ts": "88bc896666e5290ce31d7fe98a7c1b67e9c68f8b8bcdf89ad4a983bbd841a458",
    "https://deno.land/x/esbuild_deno_loader@0.7.0/src/loader_native.ts": "495f73abe07bc07738396536e494e1e63d09b01cb38e9b5e34fbdda6da662ba8",
    "https://deno.land/x/esbuild_deno_loader@0.7.0/src/loader_portable.ts": "036c1ff6300e3a78f6e6355bde92eb28c6f3b84439d0969262022283f0f40559",
    "https://deno.land/x/esbuild_deno_loader@0.7.0/src/plugin_deno_loader.ts": "fe9c4f231cec7ad759c7f4b5e2e15205fc2e245b6c8bfd6a12dec6df30648b55",
    "https://deno.land/x/esbuild_deno_loader@0.7.0/src/plugin_deno_resolver.ts": "bfa1a38d4edd6a75b363fee2163039a8525eaba37c76955070069186c7a2cddb",
    "https://deno.land/x/esbuild_deno_loader@0.7.0/src/shared.ts": "7233a824b8357836bfa62975f78ab602442a0d880411c32ead8859035abd9d63",
    "https://deno.land/x/importmap@0.2.1/_util.ts": "ada9a9618b537e6c0316c048a898352396c882b9f2de38aba18fd3f2950ede89",
    "https://deno.land/x/importmap@0.2.1/mod.ts": "ae3d1cd7eabd18c01a4960d57db471126b020f23b37ef14e1359bbb949227ade",
    "https://esm.sh/delaunator@5.0.0": "9ed1bc6ff9aac1bc8e20c2128552299b49a98f6ab127781d11229b54bd045008",
    "https://esm.sh/moore@1.0.0": "28888a63148cec69a5bfbf99474143f8211100a7de4f6317c5e1af6d863e6f49",
    "https://esm.sh/panzoom@9.4.3?pin=v118": "05487358d191de8b98f9cdb2aa13a262d57a07cf803b8f995a7707ad6a68e9da",
    "https://esm.sh/react-dom@18.2.0?pin=v118": "c6899b7005730e60d1b8ab36cae04b856274dbc154ffbee96da6fb2c5f0c2ba0",
    "https://esm.sh/react@18.2.0?pin=v118": "742d8246041966ba1137ec8c60888c35882a9d2478bce63583875f86c1e3687c",
    "https://esm.sh/stable/react@18.2.0/deno/react.mjs": "a5a73ee24acca4744ee22c51d9357f31968d1f684ce253bde222b4e26d09f49f",
    "https://esm.sh/v117/@types/prop-types@15.7.5/index.d.ts": "6a386ff939f180ae8ef064699d8b7b6e62bc2731a62d7fbf5e02589383838dea",
    "https://esm.sh/v117/@types/react@18.0.38/global.d.ts": "549df62b64a71004aee17685b445a8289013daf96246ce4d9b087d13d7a27a61",
    "https://esm.sh/v117/@types/react@18.0.38/index.d.ts": "a5152d26e9729ff965ba6e9607dfdf2c5edb129a46dc983b1ef3cd8fbea90ef4",
    "https://esm.sh/v117/@types/scheduler@0.16.3/tracing.d.ts": "f5a8b384f182b3851cec3596ccc96cb7464f8d3469f48c74bf2befb782a19de5",
    "https://esm.sh/v117/csstype@3.1.2/index.d.ts": "4c68749a564a6facdf675416d75789ee5a557afda8960e0803cf6711fa569288",
    "https://esm.sh/v118/@types/delaunator@5.0.0/index.d.ts": "f738e24c18fc199061ca59e88626d1c1a5378408541b9aafc622af56eb160888",
    "https://esm.sh/v118/@types/prop-types@15.7.5/index.d.ts": "6a386ff939f180ae8ef064699d8b7b6e62bc2731a62d7fbf5e02589383838dea",
    "https://esm.sh/v118/@types/react-dom@18.2.1/index.d.ts": "9c152b57b412d112d182b54b42150cfcca3fe7c884233fa6f49adfa2be0d73e2",
    "https://esm.sh/v118/@types/react@18.2.0/global.d.ts": "549df62b64a71004aee17685b445a8289013daf96246ce4d9b087d13d7a27a61",
    "https://esm.sh/v118/@types/react@18.2.0/index.d.ts": "b091747b1f503f434d3cac4217a13858baba87b421a7054ffdfd797da7737678",
    "https://esm.sh/v118/@types/scheduler@0.16.3/tracing.d.ts": "f5a8b384f182b3851cec3596ccc96cb7464f8d3469f48c74bf2befb782a19de5",
    "https://esm.sh/v118/amator@1.1.0/deno/amator.mjs": "fc0a0bfe36ee7ca6fe8c0ab0ad5f1e3c216bc41a7f897f96b29d72ec0261a71a",
    "https://esm.sh/v118/bezier-easing@2.1.0/deno/bezier-easing.mjs": "6008e73d797e761f705482d83852167d937e4078168a6634465ff542c236615a",
    "https://esm.sh/v118/csstype@3.1.2/index.d.ts": "4c68749a564a6facdf675416d75789ee5a557afda8960e0803cf6711fa569288",
    "https://esm.sh/v118/delaunator@5.0.0/deno/delaunator.mjs": "fc51bad791680e6f9c2b609c0d6799d56a3291a9342523271c345191751442be",
    "https://esm.sh/v118/moore@1.0.0/deno/moore.mjs": "b2ce0e41dca064efc73ce68674ea6dad97f2a4bf1e0d0fdf6ede812c6a94bd86",
    "https://esm.sh/v118/ngraph.events@1.2.2/deno/ngraph.events.mjs": "bac50f7a63db9fa89406d774ac359764176505ad29b1de36dddcd589b1e509fd",
    "https://esm.sh/v118/panzoom@9.4.3/deno/panzoom.mjs": "7a55823430532a8e27ffc34029e13dc3f67cac38211134278fbad02648b2e960",
    "https://esm.sh/v118/panzoom@9.4.3/index.d.ts": "034e11cbba6cdefc6bf6504e97f4bbeb11225dc97a3fd296845127c59f642614",
    "https://esm.sh/v118/react-dom@18.2.0/deno/react-dom.mjs": "e6813d0388d6ef48a58aa1e858de0975f6b80ef45f2c7df61bb4cacf7868801c",
    "https://esm.sh/v118/robust-predicates@3.0.1/deno/robust-predicates.mjs": "2cb4b7d89ec1d2c5392e8b262fe031199f0988be55388447a7c31c680a6178a0",
    "https://esm.sh/v118/scheduler@0.23.0/deno/scheduler.mjs": "585bd99e523275a2447f9d1c29f36b43be0a20123e7c7915f6f4d5405ecc2884",
    "https://esm.sh/v118/wheel@1.0.0/deno/wheel.mjs": "5bffdd9c9927ccd46c65be57c4a52cd14fa7fe662e3c1162340603e6b4f4987b",
    "https://raw.githubusercontent.com/wvbe/dual-mesh/deno-rc.2/src/MeshBuilder.ts": "5787baedc4fae6e161cc860f88fd2a8e6ec4205e3f08576f83ea36e005e6c69b",
    "https://raw.githubusercontent.com/wvbe/dual-mesh/deno-rc.2/src/TriangleMesh.ts": "49cd0c42943c3032d73a1a7d1628a0ccb9663f3c19e2838287bf2e9cd58e0118",
    "https://raw.githubusercontent.com/wvbe/dual-mesh/deno-rc.2/types.ts": "6c836f720f3bd1d8d0b6f3ab9019434e4fe25cd5f9e47d0deb63b7ab5ef8f3e8",
    "https://raw.githubusercontent.com/wvbe/poisson-disk-sampling/deno-rc.1/mod.ts": "573b3c32317e8798c964aec759f0f458e6edc219cf9a0a1ca854c0da61557519",
    "https://raw.githubusercontent.com/wvbe/poisson-disk-sampling/deno-rc.1/src/implementations/fixed-density.ts": "854e31a0fb430789992eb56104627786fd8b2d33a665676619981801f2fbadee",
    "https://raw.githubusercontent.com/wvbe/poisson-disk-sampling/deno-rc.1/src/implementations/variable-density.ts": "4446919a8b5ca50068f89790f101f5c891bd31d5f1fadc99c469cac62da3bdb5",
    "https://raw.githubusercontent.com/wvbe/poisson-disk-sampling/deno-rc.1/src/neighbourhood.ts": "3fb43bee9ada23ac154035879cf5d5f813a7b60db0d5bd2a274d9c2a71a630ed",
    "https://raw.githubusercontent.com/wvbe/poisson-disk-sampling/deno-rc.1/src/poisson-disk-sampling.ts": "32dffe9f11607c89d6eb213f95597e8942c89a33c047ac349d845ed166aeded8",
    "https://raw.githubusercontent.com/wvbe/poisson-disk-sampling/deno-rc.1/src/sphere-random.ts": "7754891d44e3de8cd8fee79121a7d3d60768a524ed6fd57f34310230ff141525",
    "https://raw.githubusercontent.com/wvbe/poisson-disk-sampling/deno-rc.1/src/tiny-ndarray.ts": "462b71c9078400a320ae600b9dcab40ecf84f19397c907722e40ced57119d490",
    "https://raw.githubusercontent.com/wvbe/poisson-disk-sampling/deno-rc.1/src/types.ts": "d00595201171ec5e5ca3d71ff9e985f71cb452a06c0fbb2fc35f162c1241768e"
  },
  "npm": {
    "specifiers": {
      "fs-extra": "fs-extra@11.1.1",
      "postcss": "postcss@8.4.23",
      "postcss-import": "postcss-import@15.1.0_postcss@8.4.23",
      "postcss-minify": "postcss-minify@1.1.0_postcss@8.4.23"
    },
    "packages": {
      "cssesc@3.0.0": {
        "integrity": "sha512-/Tb/JcjK111nNScGob5MNtsntNM1aCNUDipB/TkwZFhyDrrE47SOx/18wF2bbjgc3ZzCSKW1T5nt5EbFoAz/Vg==",
        "dependencies": {}
      },
      "fs-extra@11.1.1": {
        "integrity": "sha512-MGIE4HOvQCeUCzmlHs0vXpih4ysz4wg9qiSAu6cd42lVwPbTM1TjV7RusoyQqMmk/95gdQZX72u+YW+c3eEpFQ==",
        "dependencies": {
          "graceful-fs": "graceful-fs@4.2.11",
          "jsonfile": "jsonfile@6.1.0",
          "universalify": "universalify@2.0.0"
        }
      },
      "function-bind@1.1.1": {
        "integrity": "sha512-yIovAzMX49sF8Yl58fSCWJ5svSLuaibPxXQJFLmBObTuCr0Mf1KiPopGM9NiFjiYBCbfaa2Fh6breQ6ANVTI0A==",
        "dependencies": {}
      },
      "graceful-fs@4.2.11": {
        "integrity": "sha512-RbJ5/jmFcNNCcDV5o9eTnBLJ/HszWV0P73bc+Ff4nS/rJj+YaS6IGyiOL0VoBYX+l1Wrl3k63h/KrH+nhJ0XvQ==",
        "dependencies": {}
      },
      "has@1.0.3": {
        "integrity": "sha512-f2dvO0VU6Oej7RkWJGrehjbzMAjFp5/VKPp5tTpWIV4JHHZK1/BxbFRtf/siA2SWTe09caDmVtYYzWEIbBS4zw==",
        "dependencies": {
          "function-bind": "function-bind@1.1.1"
        }
      },
      "is-core-module@2.12.0": {
        "integrity": "sha512-RECHCBCd/viahWmwj6enj19sKbHfJrddi/6cBDsNTKbNq0f7VeaUkBo60BqzvPqo/W54ChS62Z5qyun7cfOMqQ==",
        "dependencies": {
          "has": "has@1.0.3"
        }
      },
      "jsonfile@6.1.0": {
        "integrity": "sha512-5dgndWOriYSm5cnYaJNhalLNDKOqFwyDB/rr1E9ZsGciGvKPs8R2xYGCacuf3z6K1YKDz182fd+fY3cn3pMqXQ==",
        "dependencies": {
          "graceful-fs": "graceful-fs@4.2.11",
          "universalify": "universalify@2.0.0"
        }
      },
      "nanoid@3.3.6": {
        "integrity": "sha512-BGcqMMJuToF7i1rt+2PWSNVnWIkGCU78jBG3RxO/bZlnZPK2Cmi2QaffxGO/2RvWi9sL+FAiRiXMgsyxQ1DIDA==",
        "dependencies": {}
      },
      "path-parse@1.0.7": {
        "integrity": "sha512-LDJzPVEEEPR+y48z93A0Ed0yXb8pAByGWo/k5YYdYgpY2/2EsOsksJrq7lOHxryrVOn1ejG6oAp8ahvOIQD8sw==",
        "dependencies": {}
      },
      "picocolors@1.0.0": {
        "integrity": "sha512-1fygroTLlHu66zi26VoTDv8yRgm0Fccecssto+MhsZ0D/DGW2sm8E8AjW7NU5VVTRt5GxbeZ5qBuJr+HyLYkjQ==",
        "dependencies": {}
      },
      "pify@2.3.0": {
        "integrity": "sha512-udgsAY+fTnvv7kI7aaxbqwWNb0AHiB0qBO89PZKPkoTmGOgdbrHDKD+0B2X4uTfJ/FT1R09r9gTsjUjNJotuog==",
        "dependencies": {}
      },
      "postcss-import@15.1.0_postcss@8.4.23": {
        "integrity": "sha512-hpr+J05B2FVYUAXHeK1YyI267J/dDDhMU6B6civm8hSY1jYJnBXxzKDKDswzJmtLHryrjhnDjqqp/49t8FALew==",
        "dependencies": {
          "postcss": "postcss@8.4.23",
          "postcss-value-parser": "postcss-value-parser@4.2.0",
          "read-cache": "read-cache@1.0.0",
          "resolve": "resolve@1.22.3"
        }
      },
      "postcss-minify@1.1.0_postcss@8.4.23": {
        "integrity": "sha512-9D64ueIW0DL2FdLajQTlXrnTN8Ox9NjuXqigKMmB819RhdClNPYx5Zp3i5x0ghjjy3vGrLBBYEYvJjY/1eMNbw==",
        "dependencies": {
          "postcss": "postcss@8.4.23",
          "postcss-selector-parser": "postcss-selector-parser@6.0.12",
          "postcss-value-parser": "postcss-value-parser@4.2.0"
        }
      },
      "postcss-selector-parser@6.0.12": {
        "integrity": "sha512-NdxGCAZdRrwVI1sy59+Wzrh+pMMHxapGnpfenDVlMEXoOcvt4pGE0JLK9YY2F5dLxcFYA/YbVQKhcGU+FtSYQg==",
        "dependencies": {
          "cssesc": "cssesc@3.0.0",
          "util-deprecate": "util-deprecate@1.0.2"
        }
      },
      "postcss-value-parser@4.2.0": {
        "integrity": "sha512-1NNCs6uurfkVbeXG4S8JFT9t19m45ICnif8zWLd5oPSZ50QnwMfK+H3jv408d4jw/7Bttv5axS5IiHoLaVNHeQ==",
        "dependencies": {}
      },
      "postcss@8.4.23": {
        "integrity": "sha512-bQ3qMcpF6A/YjR55xtoTr0jGOlnPOKAIMdOWiv0EIT6HVPEaJiJB4NLljSbiHoC2RX7DN5Uvjtpbg1NPdwv1oA==",
        "dependencies": {
          "nanoid": "nanoid@3.3.6",
          "picocolors": "picocolors@1.0.0",
          "source-map-js": "source-map-js@1.0.2"
        }
      },
      "read-cache@1.0.0": {
        "integrity": "sha512-Owdv/Ft7IjOgm/i0xvNDZ1LrRANRfew4b2prF3OWMQLxLfu3bS8FVhCsrSCMK4lR56Y9ya+AThoTpDCTxCmpRA==",
        "dependencies": {
          "pify": "pify@2.3.0"
        }
      },
      "resolve@1.22.3": {
        "integrity": "sha512-P8ur/gp/AmbEzjr729bZnLjXK5Z+4P0zhIJgBgzqRih7hL7BOukHGtSTA3ACMY467GRFz3duQsi0bDZdR7DKdw==",
        "dependencies": {
          "is-core-module": "is-core-module@2.12.0",
          "path-parse": "path-parse@1.0.7",
          "supports-preserve-symlinks-flag": "supports-preserve-symlinks-flag@1.0.0"
        }
      },
      "source-map-js@1.0.2": {
        "integrity": "sha512-R0XvVJ9WusLiqTCEiGCmICCMplcCkIwwR11mOSD9CR5u+IXYdiseeEuXCVAjS54zqwkLcPNnmU4OeJ6tUrWhDw==",
        "dependencies": {}
      },
      "supports-preserve-symlinks-flag@1.0.0": {
        "integrity": "sha512-ot0WnXS9fgdkgIcePe6RHNk1WA8+muPa6cSjeR3V8K27q9BB1rTE3R1p7Hv0z1ZyAc8s6Vvv8DIyWf681MAt0w==",
        "dependencies": {}
      },
      "universalify@2.0.0": {
        "integrity": "sha512-hAZsKq7Yy11Zu1DE0OzWjw7nnLZmJZYTDZZyEFHZdUhV8FkH5MCfoU1XMaxXovpyW5nq5scPqq0ZDP9Zyl04oQ==",
        "dependencies": {}
      },
      "util-deprecate@1.0.2": {
        "integrity": "sha512-EPD5q1uXyFxJpCrLnCc1nHnq3gOa6DZBocAIiI2TaSCA7VCJ1UJDMagCzIkXNsUYfD1daK//LTEQ8xiIbrHtcw==",
        "dependencies": {}
      }
    }
  }
}
